
Microsoft Visual Studio Solution File, Format Version 12.00
# Visual Studio Version 16
VisualStudioVersion = 16.0.32002.261
MinimumVisualStudioVersion = 10.0.40219.1
Project("{9A19103F-16F7-4668-BE54-9A1E7A4F7556}") = "EX1601", "EX1601\EX1601.csproj", "{9D9CCC94-7F44-4C07-80CB-0B1E6BE99698}"
EndProject
Project("{9A19103F-16F7-4668-BE54-9A1E7A4F7556}") = "01SumSeconds", "01SumSeconds\01SumSeconds.csproj", "{64C8AE6C-F493-459E-B6A9-311E81B0C7D7}"
EndProject
Project("{9A19103F-16F7-4668-BE54-9A1E7A4F7556}") = "02BonusScore", "02BonusScore\02BonusScore.csproj", "{42B9D2B9-A6E2-4E4D-9857-4E3A46595D1E}"
EndProject
Project("{9A19103F-16F7-4668-BE54-9A1E7A4F7556}") = "03Time15Minutes", "03Time15Minutes\03Time15Minutes.csproj", "{50414A10-F86A-4D4F-85C7-35E6245D1068}"
EndProject
Project("{9A19103F-16F7-4668-BE54-9A1E7A4F7556}") = "04ToyShop", "04ToyShop\04ToyShop.csproj", "{22C24947-2FE3-4800-A7E0-77B4B0E87A87}"
EndProject
Project("{9A19103F-16F7-4668-BE54-9A1E7A4F7556}") = "07Shopping", "07Shopping\07Shopping.csproj", "{7AC6A5A4-37C7-4E23-A006-65CAEF1A015F}"
EndProject
Project("{9A19103F-16F7-4668-BE54-9A1E7A4F7556}") = "08LunchBreak", "08LunchBreak\08LunchBreak.csproj", "{440A6872-6D7D-4996-A636-511AB83D8055}"
EndProject
Project("{9A19103F-16F7-4668-BE54-9A1E7A4F7556}") = "05Godzillavs.Kong", "05Godzillavs.Kong\05Godzillavs.Kong.csproj", "{F2D1F068-0415-488E-B13A-69867A5EDA4E}"
EndProject
Project("{FAE04EC0-301F-11D3-BF4B-00C04F79EFBC}") = "06WorldSwimmingRecord", "06WorldSwimmingRecord\06WorldSwimmingRecord.csproj", "{BC6C5087-304A-44BD-80BC-9E60BAF21061}"
EndProject
Global
	GlobalSection(SolutionConfigurationPlatforms) = preSolution
		Debug|Any CPU = Debug|Any CPU
		Release|Any CPU = Release|Any CPU
	EndGlobalSection
	GlobalSection(ProjectConfigurationPlatforms) = postSolution
		{9D9CCC94-7F44-4C07-80CB-0B1E6BE99698}.Debug|Any CPU.ActiveCfg = Debug|Any CPU
		{9D9CCC94-7F44-4C07-80CB-0B1E6BE99698}.Debug|Any CPU.Build.0 = Debug|Any CPU
		{9D9CCC94-7F44-4C07-80CB-0B1E6BE99698}.Release|Any CPU.ActiveCfg = Release|Any CPU
		{9D9CCC94-7F44-4C07-80CB-0B1E6BE99698}.Release|Any CPU.Build.0 = Release|Any CPU
		{64C8AE6C-F493-459E-B6A9-311E81B0C7D7}.Debug|Any CPU.ActiveCfg = Debug|Any CPU
		{64C8AE6C-F493-459E-B6A9-311E81B0C7D7}.Debug|Any CPU.Build.0 = Debug|Any CPU
		{64C8AE6C-F493-459E-B6A9-311E81B0C7D7}.Release|Any CPU.ActiveCfg = Release|Any CPU
		{64C8AE6C-F493-459E-B6A9-311E81B0C7D7}.Release|Any CPU.Build.0 = Release|Any CPU
		{42B9D2B9-A6E2-4E4D-9857-4E3A46595D1E}.Debug|Any CPU.ActiveCfg = Debug|Any CPU
		{42B9D2B9-A6E2-4E4D-9857-4E3A46595D1E}.Debug|Any CPU.Build.0 = Debug|Any CPU
		{42B9D2B9-A6E2-4E4D-9857-4E3A46595D1E}.Release|Any CPU.ActiveCfg = Release|Any CPU
		{42B9D2B9-A6E2-4E4D-9857-4E3A46595D1E}.Release|Any CPU.Build.0 = Release|Any CPU
		{50414A10-F86A-4D4F-85C7-35E6245D1068}.Debug|Any CPU.ActiveCfg = Debug|Any CPU
		{50414A10-F86A-4D4F-85C7-35E6245D1068}.Debug|Any CPU.Build.0 = Debug|Any CPU
		{50414A10-F86A-4D4F-85C7-35E6245D1068}.Release|Any CPU.ActiveCfg = Release|Any CPU
		{50414A10-F86A-4D4F-85C7-35E6245D1068}.Release|Any CPU.Build.0 = Release|Any CPU
		{22C24947-2FE3-4800-A7E0-77B4B0E87A87}.Debug|Any CPU.ActiveCfg = Debug|Any CPU
		{22C24947-2FE3-4800-A7E0-77B4B0E87A87}.Debug|Any CPU.Build.0 = Debug|Any CPU
		{22C24947-2FE3-4800-A7E0-77B4B0E87A87}.Release|Any CPU.ActiveCfg = Release|Any CPU
		{22C24947-2FE3-4800-A7E0-77B4B0E87A87}.Release|Any CPU.Build.0 = Release|Any CPU
		{7AC6A5A4-37C7-4E23-A006-65CAEF1A015F}.Debug|Any CPU.ActiveCfg = Debug|Any CPU
		{7AC6A5A4-37C7-4E23-A006-65CAEF1A015F}.Debug|Any CPU.Build.0 = Debug|Any CPU
		{7AC6A5A4-37C7-4E23-A006-65CAEF1A015F}.Release|Any CPU.ActiveCfg = Release|Any CPU
		{7AC6A5A4-37C7-4E23-A006-65CAEF1A015F}.Release|Any CPU.Build.0 = Release|Any CPU
		{440A6872-6D7D-4996-A636-511AB83D8055}.Debug|Any CPU.ActiveCfg = Debug|Any CPU
		{440A6872-6D7D-4996-A636-511AB83D8055}.Debug|Any CPU.Build.0 = Debug|Any CPU
		{440A6872-6D7D-4996-A636-511AB83D8055}.Release|Any CPU.ActiveCfg = Release|Any CPU
		{440A6872-6D7D-4996-A636-511AB83D8055}.Release|Any CPU.Build.0 = Release|Any CPU
		{F2D1F068-0415-488E-B13A-69867A5EDA4E}.Debug|Any CPU.ActiveCfg = Debug|Any CPU
		{F2D1F068-0415-488E-B13A-69867A5EDA4E}.Debug|Any CPU.Build.0 = Debug|Any CPU
		{F2D1F068-0415-488E-B13A-69867A5EDA4E}.Release|Any CPU.ActiveCfg = Release|Any CPU
		{F2D1F068-0415-488E-B13A-69867A5EDA4E}.Release|Any CPU.Build.0 = Release|Any CPU
		{BC6C5087-304A-44BD-80BC-9E60BAF21061}.Debug|Any CPU.ActiveCfg = Debug|Any CPU
		{BC6C5087-304A-44BD-80BC-9E60BAF21061}.Debug|Any CPU.Build.0 = Debug|Any CPU
		{BC6C5087-304A-44BD-80BC-9E60BAF21061}.Release|Any CPU.ActiveCfg = Release|Any CPU
		{BC6C5087-304A-44BD-80BC-9E60BAF21061}.Release|Any CPU.Build.0 = Release|Any CPU
	EndGlobalSection
	GlobalSection(SolutionProperties) = preSolution
		HideSolutionNode = FALSE
	EndGlobalSection
	GlobalSection(ExtensibilityGlobals) = postSolution
		SolutionGuid = {71971865-4A4A-4045-B424-9CB51EB31D90}
	EndGlobalSection
EndGlobal
