
Microsoft Visual Studio Solution File, Format Version 12.00
# Visual Studio Version 16
VisualStudioVersion = 16.0.32002.261
MinimumVisualStudioVersion = 10.0.40219.1
Project("{9A19103F-16F7-4668-BE54-9A1E7A4F7556}") = "EX2301", "EX2301\EX2301.csproj", "{E8D84389-DE00-4397-A4EF-D27EA589BFE3}"
EndProject
Project("{9A19103F-16F7-4668-BE54-9A1E7A4F7556}") = "01Cinema", "01Cinema\01Cinema.csproj", "{11A05979-CEE5-46F5-8589-0BC0933BEC60}"
EndProject
Project("{9A19103F-16F7-4668-BE54-9A1E7A4F7556}") = "02SummerOutfit", "02SummerOutfit\02SummerOutfit.csproj", "{F2674C1D-9EA3-4F08-8E10-505A7B7A4A66}"
EndProject
Project("{9A19103F-16F7-4668-BE54-9A1E7A4F7556}") = "03NewHouse", "03NewHouse\03NewHouse.csproj", "{CBB0BAB7-26F5-4A03-9097-CBCFC64F0439}"
EndProject
Project("{9A19103F-16F7-4668-BE54-9A1E7A4F7556}") = "04FishingBoat", "04FishingBoat\04FishingBoat.csproj", "{00E1A1D2-0741-4B7A-88DF-E1006A5A2ACE}"
EndProject
Project("{9A19103F-16F7-4668-BE54-9A1E7A4F7556}") = "05Journey", "05Journey\05Journey.csproj", "{59FC5BA8-FEC9-4B3D-940E-1DBC3C78469A}"
EndProject
Project("{9A19103F-16F7-4668-BE54-9A1E7A4F7556}") = "06OperationsBetweenNumbers", "06OperationsBetweenNumbers\06OperationsBetweenNumbers.csproj", "{D8152D0E-C20D-493B-B219-EC65E0F5940D}"
EndProject
Project("{9A19103F-16F7-4668-BE54-9A1E7A4F7556}") = "07HotelRoom", "07HotelRoom\07HotelRoom.csproj", "{AC00ED9A-79E0-4409-90E0-FB22E448514A}"
EndProject
Project("{9A19103F-16F7-4668-BE54-9A1E7A4F7556}") = "08OnTimefortheExam", "08OnTimefortheExam\08OnTimefortheExam.csproj", "{023CB376-1D64-437F-A814-44F831E16044}"
EndProject
Project("{FAE04EC0-301F-11D3-BF4B-00C04F79EFBC}") = "09SkiTrip", "09SkiTrip\09SkiTrip.csproj", "{CA6A911C-307E-4C49-93BD-59D70D4CC721}"
EndProject
Global
	GlobalSection(SolutionConfigurationPlatforms) = preSolution
		Debug|Any CPU = Debug|Any CPU
		Release|Any CPU = Release|Any CPU
	EndGlobalSection
	GlobalSection(ProjectConfigurationPlatforms) = postSolution
		{E8D84389-DE00-4397-A4EF-D27EA589BFE3}.Debug|Any CPU.ActiveCfg = Debug|Any CPU
		{E8D84389-DE00-4397-A4EF-D27EA589BFE3}.Debug|Any CPU.Build.0 = Debug|Any CPU
		{E8D84389-DE00-4397-A4EF-D27EA589BFE3}.Release|Any CPU.ActiveCfg = Release|Any CPU
		{E8D84389-DE00-4397-A4EF-D27EA589BFE3}.Release|Any CPU.Build.0 = Release|Any CPU
		{11A05979-CEE5-46F5-8589-0BC0933BEC60}.Debug|Any CPU.ActiveCfg = Debug|Any CPU
		{11A05979-CEE5-46F5-8589-0BC0933BEC60}.Debug|Any CPU.Build.0 = Debug|Any CPU
		{11A05979-CEE5-46F5-8589-0BC0933BEC60}.Release|Any CPU.ActiveCfg = Release|Any CPU
		{11A05979-CEE5-46F5-8589-0BC0933BEC60}.Release|Any CPU.Build.0 = Release|Any CPU
		{F2674C1D-9EA3-4F08-8E10-505A7B7A4A66}.Debug|Any CPU.ActiveCfg = Debug|Any CPU
		{F2674C1D-9EA3-4F08-8E10-505A7B7A4A66}.Debug|Any CPU.Build.0 = Debug|Any CPU
		{F2674C1D-9EA3-4F08-8E10-505A7B7A4A66}.Release|Any CPU.ActiveCfg = Release|Any CPU
		{F2674C1D-9EA3-4F08-8E10-505A7B7A4A66}.Release|Any CPU.Build.0 = Release|Any CPU
		{CBB0BAB7-26F5-4A03-9097-CBCFC64F0439}.Debug|Any CPU.ActiveCfg = Debug|Any CPU
		{CBB0BAB7-26F5-4A03-9097-CBCFC64F0439}.Debug|Any CPU.Build.0 = Debug|Any CPU
		{CBB0BAB7-26F5-4A03-9097-CBCFC64F0439}.Release|Any CPU.ActiveCfg = Release|Any CPU
		{CBB0BAB7-26F5-4A03-9097-CBCFC64F0439}.Release|Any CPU.Build.0 = Release|Any CPU
		{00E1A1D2-0741-4B7A-88DF-E1006A5A2ACE}.Debug|Any CPU.ActiveCfg = Debug|Any CPU
		{00E1A1D2-0741-4B7A-88DF-E1006A5A2ACE}.Debug|Any CPU.Build.0 = Debug|Any CPU
		{00E1A1D2-0741-4B7A-88DF-E1006A5A2ACE}.Release|Any CPU.ActiveCfg = Release|Any CPU
		{00E1A1D2-0741-4B7A-88DF-E1006A5A2ACE}.Release|Any CPU.Build.0 = Release|Any CPU
		{59FC5BA8-FEC9-4B3D-940E-1DBC3C78469A}.Debug|Any CPU.ActiveCfg = Debug|Any CPU
		{59FC5BA8-FEC9-4B3D-940E-1DBC3C78469A}.Debug|Any CPU.Build.0 = Debug|Any CPU
		{59FC5BA8-FEC9-4B3D-940E-1DBC3C78469A}.Release|Any CPU.ActiveCfg = Release|Any CPU
		{59FC5BA8-FEC9-4B3D-940E-1DBC3C78469A}.Release|Any CPU.Build.0 = Release|Any CPU
		{D8152D0E-C20D-493B-B219-EC65E0F5940D}.Debug|Any CPU.ActiveCfg = Debug|Any CPU
		{D8152D0E-C20D-493B-B219-EC65E0F5940D}.Debug|Any CPU.Build.0 = Debug|Any CPU
		{D8152D0E-C20D-493B-B219-EC65E0F5940D}.Release|Any CPU.ActiveCfg = Release|Any CPU
		{D8152D0E-C20D-493B-B219-EC65E0F5940D}.Release|Any CPU.Build.0 = Release|Any CPU
		{AC00ED9A-79E0-4409-90E0-FB22E448514A}.Debug|Any CPU.ActiveCfg = Debug|Any CPU
		{AC00ED9A-79E0-4409-90E0-FB22E448514A}.Debug|Any CPU.Build.0 = Debug|Any CPU
		{AC00ED9A-79E0-4409-90E0-FB22E448514A}.Release|Any CPU.ActiveCfg = Release|Any CPU
		{AC00ED9A-79E0-4409-90E0-FB22E448514A}.Release|Any CPU.Build.0 = Release|Any CPU
		{023CB376-1D64-437F-A814-44F831E16044}.Debug|Any CPU.ActiveCfg = Debug|Any CPU
		{023CB376-1D64-437F-A814-44F831E16044}.Debug|Any CPU.Build.0 = Debug|Any CPU
		{023CB376-1D64-437F-A814-44F831E16044}.Release|Any CPU.ActiveCfg = Release|Any CPU
		{023CB376-1D64-437F-A814-44F831E16044}.Release|Any CPU.Build.0 = Release|Any CPU
		{CA6A911C-307E-4C49-93BD-59D70D4CC721}.Debug|Any CPU.ActiveCfg = Debug|Any CPU
		{CA6A911C-307E-4C49-93BD-59D70D4CC721}.Debug|Any CPU.Build.0 = Debug|Any CPU
		{CA6A911C-307E-4C49-93BD-59D70D4CC721}.Release|Any CPU.ActiveCfg = Release|Any CPU
		{CA6A911C-307E-4C49-93BD-59D70D4CC721}.Release|Any CPU.Build.0 = Release|Any CPU
	EndGlobalSection
	GlobalSection(SolutionProperties) = preSolution
		HideSolutionNode = FALSE
	EndGlobalSection
	GlobalSection(ExtensibilityGlobals) = postSolution
		SolutionGuid = {1D22450E-EE9A-4083-8A08-33FA20F9FB26}
	EndGlobalSection
EndGlobal
